
Microsoft Visual Studio Solution File, Format Version 12.00
# Visual Studio 2013
VisualStudioVersion = 12.0.31101.0
MinimumVisualStudioVersion = 10.0.40219.1
Project("{FAE04EC0-301F-11D3-BF4B-00C04F79EFBC}") = "CityWebServer", "CityWebServer\CityWebServer.csproj", "{61A80D3C-8A1E-44DA-A044-A16F1ABBA149}"
EndProject
Project("{FAE04EC0-301F-11D3-BF4B-00C04F79EFBC}") = "CityWebServer.Extensibility", "CityWebServer.Extensibility\CityWebServer.Extensibility.csproj", "{DB96EFB4-FA45-4ACC-8D51-7ED37065CC79}"
EndProject
Project("{FAE04EC0-301F-11D3-BF4B-00C04F79EFBC}") = "SampleWebServerExtension", "SampleWebServerExtension\SampleWebServerExtension.csproj", "{7DF15DF6-C475-4866-9111-F5150C1336E1}"
EndProject
Project("{E24C65DC-7377-472B-9ABA-BC803B73C61A}") = "wwwroot", "http://localhost:42964", "{1F7583D1-E4F3-468D-8B0B-2EE3E6372B32}"
	ProjectSection(WebsiteProperties) = preProject
		UseIISExpress = "true"
		TargetFrameworkMoniker = ".NETFramework,Version%3Dv4.0"
		Debug.AspNetCompiler.VirtualPath = "/localhost_42964"
		Debug.AspNetCompiler.PhysicalPath = "wwwroot\"
		Debug.AspNetCompiler.TargetPath = "PrecompiledWeb\localhost_42964\"
		Debug.AspNetCompiler.Updateable = "true"
		Debug.AspNetCompiler.ForceOverwrite = "true"
		Debug.AspNetCompiler.FixedNames = "false"
		Debug.AspNetCompiler.Debug = "True"
		Release.AspNetCompiler.VirtualPath = "/localhost_42964"
		Release.AspNetCompiler.PhysicalPath = "wwwroot\"
		Release.AspNetCompiler.TargetPath = "PrecompiledWeb\localhost_42964\"
		Release.AspNetCompiler.Updateable = "true"
		Release.AspNetCompiler.ForceOverwrite = "true"
		Release.AspNetCompiler.FixedNames = "false"
		Release.AspNetCompiler.Debug = "False"
		SlnRelativePath = "wwwroot\"
	EndProjectSection
EndProject
Global
	GlobalSection(SolutionConfigurationPlatforms) = preSolution
		Debug|Any CPU = Debug|Any CPU
		Release|Any CPU = Release|Any CPU
	EndGlobalSection
	GlobalSection(ProjectConfigurationPlatforms) = postSolution
		{61A80D3C-8A1E-44DA-A044-A16F1ABBA149}.Debug|Any CPU.ActiveCfg = Debug|Any CPU
		{61A80D3C-8A1E-44DA-A044-A16F1ABBA149}.Debug|Any CPU.Build.0 = Debug|Any CPU
		{61A80D3C-8A1E-44DA-A044-A16F1ABBA149}.Release|Any CPU.ActiveCfg = Release|Any CPU
		{61A80D3C-8A1E-44DA-A044-A16F1ABBA149}.Release|Any CPU.Build.0 = Release|Any CPU
		{DB96EFB4-FA45-4ACC-8D51-7ED37065CC79}.Debug|Any CPU.ActiveCfg = Debug|Any CPU
		{DB96EFB4-FA45-4ACC-8D51-7ED37065CC79}.Debug|Any CPU.Build.0 = Debug|Any CPU
		{DB96EFB4-FA45-4ACC-8D51-7ED37065CC79}.Release|Any CPU.ActiveCfg = Release|Any CPU
		{DB96EFB4-FA45-4ACC-8D51-7ED37065CC79}.Release|Any CPU.Build.0 = Release|Any CPU
		{7DF15DF6-C475-4866-9111-F5150C1336E1}.Debug|Any CPU.ActiveCfg = Debug|Any CPU
		{7DF15DF6-C475-4866-9111-F5150C1336E1}.Debug|Any CPU.Build.0 = Debug|Any CPU
		{7DF15DF6-C475-4866-9111-F5150C1336E1}.Release|Any CPU.ActiveCfg = Release|Any CPU
		{7DF15DF6-C475-4866-9111-F5150C1336E1}.Release|Any CPU.Build.0 = Release|Any CPU
		{1F7583D1-E4F3-468D-8B0B-2EE3E6372B32}.Debug|Any CPU.ActiveCfg = Debug|Any CPU
		{1F7583D1-E4F3-468D-8B0B-2EE3E6372B32}.Debug|Any CPU.Build.0 = Debug|Any CPU
		{1F7583D1-E4F3-468D-8B0B-2EE3E6372B32}.Release|Any CPU.ActiveCfg = Debug|Any CPU
		{1F7583D1-E4F3-468D-8B0B-2EE3E6372B32}.Release|Any CPU.Build.0 = Debug|Any CPU
	EndGlobalSection
	GlobalSection(SolutionProperties) = preSolution
		HideSolutionNode = FALSE
	EndGlobalSection
EndGlobal
